// !$*UTF8*$!
{
	archiveVersion = 1;
	classes = {
	};
	objectVersion = 46;
	objects = {

/* Begin PBXBuildFile section */
		B4C4F5E9190612F60001270F /* Foundation.framework in Frameworks */ = {isa = PBXBuildFile; fileRef = B4C4F5E8190612F60001270F /* Foundation.framework */; };
		B4C4F5EB190612F60001270F /* CoreGraphics.framework in Frameworks */ = {isa = PBXBuildFile; fileRef = B4C4F5EA190612F60001270F /* CoreGraphics.framework */; };
		B4C4F5ED190612F60001270F /* UIKit.framework in Frameworks */ = {isa = PBXBuildFile; fileRef = B4C4F5EC190612F60001270F /* UIKit.framework */; };
		B4C4F5F3190612F60001270F /* InfoPlist.strings in Resources */ = {isa = PBXBuildFile; fileRef = B4C4F5F1190612F60001270F /* InfoPlist.strings */; };
		B4C4F5F5190612F60001270F /* main.m in Sources */ = {isa = PBXBuildFile; fileRef = B4C4F5F4190612F60001270F /* main.m */; };
		B4C4F5F9190612F70001270F /* TaiwaneseAppDelegate.m in Sources */ = {isa = PBXBuildFile; fileRef = B4C4F5F8190612F70001270F /* TaiwaneseAppDelegate.m */; };
		B4C4F5FC190612F70001270F /* Main.storyboard in Resources */ = {isa = PBXBuildFile; fileRef = B4C4F5FA190612F70001270F /* Main.storyboard */; };
		B4C4F5FF190612F70001270F /* TaiwaneseViewController.m in Sources */ = {isa = PBXBuildFile; fileRef = B4C4F5FE190612F70001270F /* TaiwaneseViewController.m */; };
		B4C4F601190612F70001270F /* Images.xcassets in Resources */ = {isa = PBXBuildFile; fileRef = B4C4F600190612F70001270F /* Images.xcassets */; };
		B4C4F608190612F70001270F /* XCTest.framework in Frameworks */ = {isa = PBXBuildFile; fileRef = B4C4F607190612F70001270F /* XCTest.framework */; };
		B4C4F609190612F70001270F /* Foundation.framework in Frameworks */ = {isa = PBXBuildFile; fileRef = B4C4F5E8190612F60001270F /* Foundation.framework */; };
		B4C4F60A190612F70001270F /* UIKit.framework in Frameworks */ = {isa = PBXBuildFile; fileRef = B4C4F5EC190612F60001270F /* UIKit.framework */; };
		B4C4F612190612F70001270F /* InfoPlist.strings in Resources */ = {isa = PBXBuildFile; fileRef = B4C4F610190612F70001270F /* InfoPlist.strings */; };
		B4C4F614190612F70001270F /* TaiwaneseTests.m in Sources */ = {isa = PBXBuildFile; fileRef = B4C4F613190612F70001270F /* TaiwaneseTests.m */; };
/* End PBXBuildFile section */

/* Begin PBXContainerItemProxy section */
		B4C4F60B190612F70001270F /* PBXContainerItemProxy */ = {
			isa = PBXContainerItemProxy;
			containerPortal = B4C4F5DD190612F60001270F /* Project object */;
			proxyType = 1;
			remoteGlobalIDString = B4C4F5E4190612F60001270F;
			remoteInfo = Taiwanese;
		};
/* End PBXContainerItemProxy section */

/* Begin PBXFileReference section */
		B4C4F5E5190612F60001270F /* Taiwanese.app */ = {isa = PBXFileReference; explicitFileType = wrapper.application; includeInIndex = 0; path = Taiwanese.app; sourceTree = BUILT_PRODUCTS_DIR; };
		B4C4F5E8190612F60001270F /* Foundation.framework */ = {isa = PBXFileReference; lastKnownFileType = wrapper.framework; name = Foundation.framework; path = System/Library/Frameworks/Foundation.framework; sourceTree = SDKROOT; };
		B4C4F5EA190612F60001270F /* CoreGraphics.framework */ = {isa = PBXFileReference; lastKnownFileType = wrapper.framework; name = CoreGraphics.framework; path = System/Library/Frameworks/CoreGraphics.framework; sourceTree = SDKROOT; };
		B4C4F5EC190612F60001270F /* UIKit.framework */ = {isa = PBXFileReference; lastKnownFileType = wrapper.framework; name = UIKit.framework; path = System/Library/Frameworks/UIKit.framework; sourceTree = SDKROOT; };
		B4C4F5F0190612F60001270F /* Taiwanese-Info.plist */ = {isa = PBXFileReference; lastKnownFileType = text.plist.xml; path = "Taiwanese-Info.plist"; sourceTree = "<group>"; };
		B4C4F5F2190612F60001270F /* en */ = {isa = PBXFileReference; lastKnownFileType = text.plist.strings; name = en; path = en.lproj/InfoPlist.strings; sourceTree = "<group>"; };
		B4C4F5F4190612F60001270F /* main.m */ = {isa = PBXFileReference; lastKnownFileType = sourcecode.c.objc; path = main.m; sourceTree = "<group>"; };
		B4C4F5F6190612F60001270F /* Taiwanese-Prefix.pch */ = {isa = PBXFileReference; lastKnownFileType = sourcecode.c.h; path = "Taiwanese-Prefix.pch"; sourceTree = "<group>"; };
		B4C4F5F7190612F70001270F /* TaiwaneseAppDelegate.h */ = {isa = PBXFileReference; lastKnownFileType = sourcecode.c.h; path = TaiwaneseAppDelegate.h; sourceTree = "<group>"; };
		B4C4F5F8190612F70001270F /* TaiwaneseAppDelegate.m */ = {isa = PBXFileReference; lastKnownFileType = sourcecode.c.objc; path = TaiwaneseAppDelegate.m; sourceTree = "<group>"; };
		B4C4F5FB190612F70001270F /* Base */ = {isa = PBXFileReference; lastKnownFileType = file.storyboard; name = Base; path = Base.lproj/Main.storyboard; sourceTree = "<group>"; };
		B4C4F5FD190612F70001270F /* TaiwaneseViewController.h */ = {isa = PBXFileReference; lastKnownFileType = sourcecode.c.h; path = TaiwaneseViewController.h; sourceTree = "<group>"; };
		B4C4F5FE190612F70001270F /* TaiwaneseViewController.m */ = {isa = PBXFileReference; lastKnownFileType = sourcecode.c.objc; path = TaiwaneseViewController.m; sourceTree = "<group>"; };
		B4C4F600190612F70001270F /* Images.xcassets */ = {isa = PBXFileReference; lastKnownFileType = folder.assetcatalog; path = Images.xcassets; sourceTree = "<group>"; };
		B4C4F606190612F70001270F /* TaiwaneseTests.xctest */ = {isa = PBXFileReference; explicitFileType = wrapper.cfbundle; includeInIndex = 0; path = TaiwaneseTests.xctest; sourceTree = BUILT_PRODUCTS_DIR; };
		B4C4F607190612F70001270F /* XCTest.framework */ = {isa = PBXFileReference; lastKnownFileType = wrapper.framework; name = XCTest.framework; path = Library/Frameworks/XCTest.framework; sourceTree = DEVELOPER_DIR; };
		B4C4F60F190612F70001270F /* TaiwaneseTests-Info.plist */ = {isa = PBXFileReference; lastKnownFileType = text.plist.xml; path = "TaiwaneseTests-Info.plist"; sourceTree = "<group>"; };
		B4C4F611190612F70001270F /* en */ = {isa = PBXFileReference; lastKnownFileType = text.plist.strings; name = en; path = en.lproj/InfoPlist.strings; sourceTree = "<group>"; };
		B4C4F613190612F70001270F /* TaiwaneseTests.m */ = {isa = PBXFileReference; lastKnownFileType = sourcecode.c.objc; path = TaiwaneseTests.m; sourceTree = "<group>"; };
/* End PBXFileReference section */

/* Begin PBXFrameworksBuildPhase section */
		B4C4F5E2190612F60001270F /* Frameworks */ = {
			isa = PBXFrameworksBuildPhase;
			buildActionMask = 2147483647;
			files = (
				B4C4F5EB190612F60001270F /* CoreGraphics.framework in Frameworks */,
				B4C4F5ED190612F60001270F /* UIKit.framework in Frameworks */,
				B4C4F5E9190612F60001270F /* Foundation.framework in Frameworks */,
			);
			runOnlyForDeploymentPostprocessing = 0;
		};
		B4C4F603190612F70001270F /* Frameworks */ = {
			isa = PBXFrameworksBuildPhase;
			buildActionMask = 2147483647;
			files = (
				B4C4F608190612F70001270F /* XCTest.framework in Frameworks */,
				B4C4F60A190612F70001270F /* UIKit.framework in Frameworks */,
				B4C4F609190612F70001270F /* Foundation.framework in Frameworks */,
			);
			runOnlyForDeploymentPostprocessing = 0;
		};
/* End PBXFrameworksBuildPhase section */

/* Begin PBXGroup section */
		B4C4F5DC190612F60001270F = {
			isa = PBXGroup;
			children = (
				B4C4F5EE190612F60001270F /* Taiwanese */,
				B4C4F60D190612F70001270F /* TaiwaneseTests */,
				B4C4F5E7190612F60001270F /* Frameworks */,
				B4C4F5E6190612F60001270F /* Products */,
			);
			sourceTree = "<group>";
		};
		B4C4F5E6190612F60001270F /* Products */ = {
			isa = PBXGroup;
			children = (
				B4C4F5E5190612F60001270F /* Taiwanese.app */,
				B4C4F606190612F70001270F /* TaiwaneseTests.xctest */,
			);
			name = Products;
			sourceTree = "<group>";
		};
		B4C4F5E7190612F60001270F /* Frameworks */ = {
			isa = PBXGroup;
			children = (
				B4C4F5E8190612F60001270F /* Foundation.framework */,
				B4C4F5EA190612F60001270F /* CoreGraphics.framework */,
				B4C4F5EC190612F60001270F /* UIKit.framework */,
				B4C4F607190612F70001270F /* XCTest.framework */,
			);
			name = Frameworks;
			sourceTree = "<group>";
		};
		B4C4F5EE190612F60001270F /* Taiwanese */ = {
			isa = PBXGroup;
			children = (
				B4C4F5F7190612F70001270F /* TaiwaneseAppDelegate.h */,
				B4C4F5F8190612F70001270F /* TaiwaneseAppDelegate.m */,
				B4C4F5FA190612F70001270F /* Main.storyboard */,
				B4C4F5FD190612F70001270F /* TaiwaneseViewController.h */,
				B4C4F5FE190612F70001270F /* TaiwaneseViewController.m */,
				B4C4F600190612F70001270F /* Images.xcassets */,
				B4C4F5EF190612F60001270F /* Supporting Files */,
			);
			path = Taiwanese;
			sourceTree = "<group>";
		};
		B4C4F5EF190612F60001270F /* Supporting Files */ = {
			isa = PBXGroup;
			children = (
				B4C4F5F0190612F60001270F /* Taiwanese-Info.plist */,
				B4C4F5F1190612F60001270F /* InfoPlist.strings */,
				B4C4F5F4190612F60001270F /* main.m */,
				B4C4F5F6190612F60001270F /* Taiwanese-Prefix.pch */,
			);
			name = "Supporting Files";
			sourceTree = "<group>";
		};
		B4C4F60D190612F70001270F /* TaiwaneseTests */ = {
			isa = PBXGroup;
			children = (
				B4C4F613190612F70001270F /* TaiwaneseTests.m */,
				B4C4F60E190612F70001270F /* Supporting Files */,
			);
			path = TaiwaneseTests;
			sourceTree = "<group>";
		};
		B4C4F60E190612F70001270F /* Supporting Files */ = {
			isa = PBXGroup;
			children = (
				B4C4F60F190612F70001270F /* TaiwaneseTests-Info.plist */,
				B4C4F610190612F70001270F /* InfoPlist.strings */,
			);
			name = "Supporting Files";
			sourceTree = "<group>";
		};
/* End PBXGroup section */

/* Begin PBXNativeTarget section */
		B4C4F5E4190612F60001270F /* Taiwanese */ = {
			isa = PBXNativeTarget;
			buildConfigurationList = B4C4F617190612F70001270F /* Build configuration list for PBXNativeTarget "Taiwanese" */;
			buildPhases = (
				B4C4F5E1190612F60001270F /* Sources */,
				B4C4F5E2190612F60001270F /* Frameworks */,
				B4C4F5E3190612F60001270F /* Resources */,
			);
			buildRules = (
			);
			dependencies = (
			);
			name = Taiwanese;
			productName = Taiwanese;
			productReference = B4C4F5E5190612F60001270F /* Taiwanese.app */;
			productType = "com.apple.product-type.application";
		};
		B4C4F605190612F70001270F /* TaiwaneseTests */ = {
			isa = PBXNativeTarget;
			buildConfigurationList = B4C4F61A190612F70001270F /* Build configuration list for PBXNativeTarget "TaiwaneseTests" */;
			buildPhases = (
				B4C4F602190612F70001270F /* Sources */,
				B4C4F603190612F70001270F /* Frameworks */,
				B4C4F604190612F70001270F /* Resources */,
			);
			buildRules = (
			);
			dependencies = (
				B4C4F60C190612F70001270F /* PBXTargetDependency */,
			);
			name = TaiwaneseTests;
			productName = TaiwaneseTests;
			productReference = B4C4F606190612F70001270F /* TaiwaneseTests.xctest */;
			productType = "com.apple.product-type.bundle.unit-test";
		};
/* End PBXNativeTarget section */

/* Begin PBXProject section */
		B4C4F5DD190612F60001270F /* Project object */ = {
			isa = PBXProject;
			attributes = {
				CLASSPREFIX = Taiwanese;
				LastUpgradeCheck = 0510;
				ORGANIZATIONNAME = "Jason McDowell";
				TargetAttributes = {
					B4C4F605190612F70001270F = {
						TestTargetID = B4C4F5E4190612F60001270F;
					};
				};
			};
			buildConfigurationList = B4C4F5E0190612F60001270F /* Build configuration list for PBXProject "Taiwanese" */;
			compatibilityVersion = "Xcode 3.2";
			developmentRegion = English;
			hasScannedForEncodings = 0;
			knownRegions = (
				en,
				Base,
			);
			mainGroup = B4C4F5DC190612F60001270F;
			productRefGroup = B4C4F5E6190612F60001270F /* Products */;
			projectDirPath = "";
			projectRoot = "";
			targets = (
				B4C4F5E4190612F60001270F /* Taiwanese */,
				B4C4F605190612F70001270F /* TaiwaneseTests */,
			);
		};
/* End PBXProject section */

/* Begin PBXResourcesBuildPhase section */
		B4C4F5E3190612F60001270F /* Resources */ = {
			isa = PBXResourcesBuildPhase;
			buildActionMask = 2147483647;
			files = (
				B4C4F601190612F70001270F /* Images.xcassets in Resources */,
				B4C4F5F3190612F60001270F /* InfoPlist.strings in Resources */,
				B4C4F5FC190612F70001270F /* Main.storyboard in Resources */,
			);
			runOnlyForDeploymentPostprocessing = 0;
		};
		B4C4F604190612F70001270F /* Resources */ = {
			isa = PBXResourcesBuildPhase;
			buildActionMask = 2147483647;
			files = (
				B4C4F612190612F70001270F /* InfoPlist.strings in Resources */,
			);
			runOnlyForDeploymentPostprocessing = 0;
		};
/* End PBXResourcesBuildPhase section */

/* Begin PBXSourcesBuildPhase section */
		B4C4F5E1190612F60001270F /* Sources */ = {
			isa = PBXSourcesBuildPhase;
			buildActionMask = 2147483647;
			files = (
				B4C4F5F9190612F70001270F /* TaiwaneseAppDelegate.m in Sources */,
				B4C4F5FF190612F70001270F /* TaiwaneseViewController.m in Sources */,
				B4C4F5F5190612F60001270F /* main.m in Sources */,
			);
			runOnlyForDeploymentPostprocessing = 0;
		};
		B4C4F602190612F70001270F /* Sources */ = {
			isa = PBXSourcesBuildPhase;
			buildActionMask = 2147483647;
			files = (
				B4C4F614190612F70001270F /* TaiwaneseTests.m in Sources */,
			);
			runOnlyForDeploymentPostprocessing = 0;
		};
/* End PBXSourcesBuildPhase section */

/* Begin PBXTargetDependency section */
		B4C4F60C190612F70001270F /* PBXTargetDependency */ = {
			isa = PBXTargetDependency;
			target = B4C4F5E4190612F60001270F /* Taiwanese */;
			targetProxy = B4C4F60B190612F70001270F /* PBXContainerItemProxy */;
		};
/* End PBXTargetDependency section */

/* Begin PBXVariantGroup section */
		B4C4F5F1190612F60001270F /* InfoPlist.strings */ = {
			isa = PBXVariantGroup;
			children = (
				B4C4F5F2190612F60001270F /* en */,
			);
			name = InfoPlist.strings;
			sourceTree = "<group>";
		};
		B4C4F5FA190612F70001270F /* Main.storyboard */ = {
			isa = PBXVariantGroup;
			children = (
				B4C4F5FB190612F70001270F /* Base */,
			);
			name = Main.storyboard;
			sourceTree = "<group>";
		};
		B4C4F610190612F70001270F /* InfoPlist.strings */ = {
			isa = PBXVariantGroup;
			children = (
				B4C4F611190612F70001270F /* en */,
			);
			name = InfoPlist.strings;
			sourceTree = "<group>";
		};
/* End PBXVariantGroup section */

/* Begin XCBuildConfiguration section */
		B4C4F615190612F70001270F /* Debug */ = {
			isa = XCBuildConfiguration;
			buildSettings = {
				ALWAYS_SEARCH_USER_PATHS = NO;
				CLANG_CXX_LANGUAGE_STANDARD = "gnu++0x";
				CLANG_CXX_LIBRARY = "libc++";
				CLANG_ENABLE_MODULES = YES;
				CLANG_ENABLE_OBJC_ARC = YES;
				CLANG_WARN_BOOL_CONVERSION = YES;
				CLANG_WARN_CONSTANT_CONVERSION = YES;
				CLANG_WARN_DIRECT_OBJC_ISA_USAGE = YES_ERROR;
				CLANG_WARN_EMPTY_BODY = YES;
				CLANG_WARN_ENUM_CONVERSION = YES;
				CLANG_WARN_INT_CONVERSION = YES;
				CLANG_WARN_OBJC_ROOT_CLASS = YES_ERROR;
				CLANG_WARN__DUPLICATE_METHOD_MATCH = YES;
				"CODE_SIGN_IDENTITY[sdk=iphoneos*]" = "iPhone Developer";
				COPY_PHASE_STRIP = NO;
				GCC_C_LANGUAGE_STANDARD = gnu99;
				GCC_DYNAMIC_NO_PIC = NO;
				GCC_OPTIMIZATION_LEVEL = 0;
				GCC_PREPROCESSOR_DEFINITIONS = (
					"DEBUG=1",
					"$(inherited)",
				);
				GCC_SYMBOLS_PRIVATE_EXTERN = NO;
				GCC_WARN_64_TO_32_BIT_CONVERSION = YES;
				GCC_WARN_ABOUT_RETURN_TYPE = YES_ERROR;
				GCC_WARN_UNDECLARED_SELECTOR = YES;
				GCC_WARN_UNINITIALIZED_AUTOS = YES_AGGRESSIVE;
				GCC_WARN_UNUSED_FUNCTION = YES;
				GCC_WARN_UNUSED_VARIABLE = YES;
				IPHONEOS_DEPLOYMENT_TARGET = 7.1;
				ONLY_ACTIVE_ARCH = YES;
				SDKROOT = iphoneos;
			};
			name = Debug;
		};
		B4C4F616190612F70001270F /* Release */ = {
			isa = XCBuildConfiguration;
			buildSettings = {
				ALWAYS_SEARCH_USER_PATHS = NO;
				CLANG_CXX_LANGUAGE_STANDARD = "gnu++0x";
				CLANG_CXX_LIBRARY = "libc++";
				CLANG_ENABLE_MODULES = YES;
				CLANG_ENABLE_OBJC_ARC = YES;
				CLANG_WARN_BOOL_CONVERSION = YES;
				CLANG_WARN_CONSTANT_CONVERSION = YES;
				CLANG_WARN_DIRECT_OBJC_ISA_USAGE = YES_ERROR;
				CLANG_WARN_EMPTY_BODY = YES;
				CLANG_WARN_ENUM_CONVERSION = YES;
				CLANG_WARN_INT_CONVERSION = YES;
				CLANG_WARN_OBJC_ROOT_CLASS = YES_ERROR;
				CLANG_WARN__DUPLICATE_METHOD_MATCH = YES;
				"CODE_SIGN_IDENTITY[sdk=iphoneos*]" = "iPhone Developer";
				COPY_PHASE_STRIP = YES;
				ENABLE_NS_ASSERTIONS = NO;
				GCC_C_LANGUAGE_STANDARD = gnu99;
				GCC_WARN_64_TO_32_BIT_CONVERSION = YES;
				GCC_WARN_ABOUT_RETURN_TYPE = YES_ERROR;
				GCC_WARN_UNDECLARED_SELECTOR = YES;
				GCC_WARN_UNINITIALIZED_AUTOS = YES_AGGRESSIVE;
				GCC_WARN_UNUSED_FUNCTION = YES;
				GCC_WARN_UNUSED_VARIABLE = YES;
				IPHONEOS_DEPLOYMENT_TARGET = 7.1;
				SDKROOT = iphoneos;
				VALIDATE_PRODUCT = YES;
			};
			name = Release;
		};
		B4C4F618190612F70001270F /* Debug */ = {
			isa = XCBuildConfiguration;
			buildSettings = {
				ASSETCATALOG_COMPILER_APPICON_NAME = AppIcon;
				ASSETCATALOG_COMPILER_LAUNCHIMAGE_NAME = LaunchImage;
				GCC_PRECOMPILE_PREFIX_HEADER = YES;
				GCC_PREFIX_HEADER = "Taiwanese/Taiwanese-Prefix.pch";
				INFOPLIST_FILE = "Taiwanese/Taiwanese-Info.plist";
				PRODUCT_NAME = "$(TARGET_NAME)";
				WRAPPER_EXTENSION = app;
			};
			name = Debug;
		};
		B4C4F619190612F70001270F /* Release */ = {
			isa = XCBuildConfiguration;
			buildSettings = {
				ASSETCATALOG_COMPILER_APPICON_NAME = AppIcon;
				ASSETCATALOG_COMPILER_LAUNCHIMAGE_NAME = LaunchImage;
				GCC_PRECOMPILE_PREFIX_HEADER = YES;
				GCC_PREFIX_HEADER = "Taiwanese/Taiwanese-Prefix.pch";
				INFOPLIST_FILE = "Taiwanese/Taiwanese-Info.plist";
				PRODUCT_NAME = "$(TARGET_NAME)";
				WRAPPER_EXTENSION = app;
			};
			name = Release;
		};
		B4C4F61B190612F70001270F /* Debug */ = {
			isa = XCBuildConfiguration;
			buildSettings = {
				BUNDLE_LOADER = "$(BUILT_PRODUCTS_DIR)/Taiwanese.app/Taiwanese";
				FRAMEWORK_SEARCH_PATHS = (
					"$(SDKROOT)/Developer/Library/Frameworks",
					"$(inherited)",
					"$(DEVELOPER_FRAMEWORKS_DIR)",
				);
				GCC_PRECOMPILE_PREFIX_HEADER = YES;
				GCC_PREFIX_HEADER = "Taiwanese/Taiwanese-Prefix.pch";
				GCC_PREPROCESSOR_DEFINITIONS = (
					"DEBUG=1",
					"$(inherited)",
				);
				INFOPLIST_FILE = "TaiwaneseTests/TaiwaneseTests-Info.plist";
				PRODUCT_NAME = "$(TARGET_NAME)";
				TEST_HOST = "$(BUNDLE_LOADER)";
				WRAPPER_EXTENSION = xctest;
			};
			name = Debug;
		};
		B4C4F61C190612F70001270F /* Release */ = {
			isa = XCBuildConfiguration;
			buildSettings = {
				BUNDLE_LOADER = "$(BUILT_PRODUCTS_DIR)/Taiwanese.app/Taiwanese";
				FRAMEWORK_SEARCH_PATHS = (
					"$(SDKROOT)/Developer/Library/Frameworks",
					"$(inherited)",
					"$(DEVELOPER_FRAMEWORKS_DIR)",
				);
				GCC_PRECOMPILE_PREFIX_HEADER = YES;
				GCC_PREFIX_HEADER = "Taiwanese/Taiwanese-Prefix.pch";
				INFOPLIST_FILE = "TaiwaneseTests/TaiwaneseTests-Info.plist";
				PRODUCT_NAME = "$(TARGET_NAME)";
				TEST_HOST = "$(BUNDLE_LOADER)";
				WRAPPER_EXTENSION = xctest;
			};
			name = Release;
		};
/* End XCBuildConfiguration section */

/* Begin XCConfigurationList section */
		B4C4F5E0190612F60001270F /* Build configuration list for PBXProject "Taiwanese" */ = {
			isa = XCConfigurationList;
			buildConfigurations = (
				B4C4F615190612F70001270F /* Debug */,
				B4C4F616190612F70001270F /* Release */,
			);
			defaultConfigurationIsVisible = 0;
			defaultConfigurationName = Release;
		};
		B4C4F617190612F70001270F /* Build configuration list for PBXNativeTarget "Taiwanese" */ = {
			isa = XCConfigurationList;
			buildConfigurations = (
				B4C4F618190612F70001270F /* Debug */,
				B4C4F619190612F70001270F /* Release */,
			);
			defaultConfigurationIsVisible = 0;
		};
		B4C4F61A190612F70001270F /* Build configuration list for PBXNativeTarget "TaiwaneseTests" */ = {
			isa = XCConfigurationList;
			buildConfigurations = (
				B4C4F61B190612F70001270F /* Debug */,
				B4C4F61C190612F70001270F /* Release */,
			);
			defaultConfigurationIsVisible = 0;
		};
/* End XCConfigurationList section */
	};
	rootObject = B4C4F5DD190612F60001270F /* Project object */;
}
